
Microsoft Visual Studio Solution File, Format Version 12.00
# Visual Studio Version 17
VisualStudioVersion = 17.2.32630.192
MinimumVisualStudioVersion = 10.0.40219.1
Project("{9A19103F-16F7-4668-BE54-9A1E7A4F7556}") = "TaskExercicio", "TaskExercicio\TaskExercicio.csproj", "{6A1D5794-4A72-487B-B129-A3E0E654E04E}"
EndProject
Global
	GlobalSection(SolutionConfigurationPlatforms) = preSolution
		Debug|Any CPU = Debug|Any CPU
		Release|Any CPU = Release|Any CPU
	EndGlobalSection
	GlobalSection(ProjectConfigurationPlatforms) = postSolution
		{6A1D5794-4A72-487B-B129-A3E0E654E04E}.Debug|Any CPU.ActiveCfg = Debug|Any CPU
		{6A1D5794-4A72-487B-B129-A3E0E654E04E}.Debug|Any CPU.Build.0 = Debug|Any CPU
		{6A1D5794-4A72-487B-B129-A3E0E654E04E}.Release|Any CPU.ActiveCfg = Release|Any CPU
		{6A1D5794-4A72-487B-B129-A3E0E654E04E}.Release|Any CPU.Build.0 = Release|Any CPU
	EndGlobalSection
	GlobalSection(SolutionProperties) = preSolution
		HideSolutionNode = FALSE
	EndGlobalSection
	GlobalSection(ExtensibilityGlobals) = postSolution
		SolutionGuid = {A92E842E-B493-48C9-B809-056F5F71E559}
	EndGlobalSection
EndGlobal
